
Microsoft Visual Studio Solution File, Format Version 12.00
# Visual Studio Version 16
VisualStudioVersion = 16.0.30804.86
MinimumVisualStudioVersion = 10.0.40219.1
Project("{FAE04EC0-301F-11D3-BF4B-00C04F79EFBC}") = "LunchPoll", "LunchPoll\LunchPoll.csproj", "{F41AE5F0-A9B6-4612-9DA5-F9D89A43471E}"
EndProject
Global
	GlobalSection(SolutionConfigurationPlatforms) = preSolution
		Debug|Any CPU = Debug|Any CPU
		Release|Any CPU = Release|Any CPU
	EndGlobalSection
	GlobalSection(ProjectConfigurationPlatforms) = postSolution
		{F41AE5F0-A9B6-4612-9DA5-F9D89A43471E}.Debug|Any CPU.ActiveCfg = Debug|Any CPU
		{F41AE5F0-A9B6-4612-9DA5-F9D89A43471E}.Debug|Any CPU.Build.0 = Debug|Any CPU
		{F41AE5F0-A9B6-4612-9DA5-F9D89A43471E}.Release|Any CPU.ActiveCfg = Release|Any CPU
		{F41AE5F0-A9B6-4612-9DA5-F9D89A43471E}.Release|Any CPU.Build.0 = Release|Any CPU
	EndGlobalSection
	GlobalSection(SolutionProperties) = preSolution
		HideSolutionNode = FALSE
	EndGlobalSection
	GlobalSection(ExtensibilityGlobals) = postSolution
		SolutionGuid = {91B1DF4F-D774-48CD-AF10-9EE893EF0E5A}
	EndGlobalSection
EndGlobal
